
Microsoft Visual Studio Solution File, Format Version 12.00
# Visual Studio Version 16
VisualStudioVersion = 16.0.29424.173
MinimumVisualStudioVersion = 10.0.40219.1
Project("{FAE04EC0-301F-11D3-BF4B-00C04F79EFBC}") = "StackITmvc", "StackITmvc\StackITmvc.csproj", "{5A2F0299-0E3B-49F7-940A-369832A0CA34}"
EndProject
Global
	GlobalSection(SolutionConfigurationPlatforms) = preSolution
		Debug|Any CPU = Debug|Any CPU
		Release|Any CPU = Release|Any CPU
	EndGlobalSection
	GlobalSection(ProjectConfigurationPlatforms) = postSolution
		{5A2F0299-0E3B-49F7-940A-369832A0CA34}.Debug|Any CPU.ActiveCfg = Debug|Any CPU
		{5A2F0299-0E3B-49F7-940A-369832A0CA34}.Debug|Any CPU.Build.0 = Debug|Any CPU
		{5A2F0299-0E3B-49F7-940A-369832A0CA34}.Release|Any CPU.ActiveCfg = Release|Any CPU
		{5A2F0299-0E3B-49F7-940A-369832A0CA34}.Release|Any CPU.Build.0 = Release|Any CPU
	EndGlobalSection
	GlobalSection(SolutionProperties) = preSolution
		HideSolutionNode = FALSE
	EndGlobalSection
	GlobalSection(ExtensibilityGlobals) = postSolution
		SolutionGuid = {3768FA51-C075-45F4-9858-871D16DC478B}
	EndGlobalSection
EndGlobal
